
Microsoft Visual Studio Solution File, Format Version 12.00
# Visual Studio Version 17
VisualStudioVersion = 17.2.32519.379
MinimumVisualStudioVersion = 10.0.40219.1
Project("{FAE04EC0-301F-11D3-BF4B-00C04F79EFBC}") = "My-sharp", "My-sharp\My-sharp.csproj", "{2B594109-E5D5-4418-B09D-FF5CEACAA460}"
EndProject
Global
	GlobalSection(SolutionConfigurationPlatforms) = preSolution
		Debug|Any CPU = Debug|Any CPU
		Release|Any CPU = Release|Any CPU
	EndGlobalSection
	GlobalSection(ProjectConfigurationPlatforms) = postSolution
		{2B594109-E5D5-4418-B09D-FF5CEACAA460}.Debug|Any CPU.ActiveCfg = Debug|Any CPU
		{2B594109-E5D5-4418-B09D-FF5CEACAA460}.Debug|Any CPU.Build.0 = Debug|Any CPU
		{2B594109-E5D5-4418-B09D-FF5CEACAA460}.Release|Any CPU.ActiveCfg = Release|Any CPU
		{2B594109-E5D5-4418-B09D-FF5CEACAA460}.Release|Any CPU.Build.0 = Release|Any CPU
	EndGlobalSection
	GlobalSection(SolutionProperties) = preSolution
		HideSolutionNode = FALSE
	EndGlobalSection
	GlobalSection(ExtensibilityGlobals) = postSolution
		SolutionGuid = {3A10668C-DC28-4E6D-ACB9-C410D12A50B1}
	EndGlobalSection
EndGlobal
